
Microsoft Visual Studio Solution File, Format Version 12.00
# Visual Studio Version 17
Project("{8BC9CEB8-8B4A-11D0-8D11-00A0C91BC942}") = "ALL_BUILD", "ALL_BUILD.vcxproj", "{BE3F180C-AC8C-35A4-9CA4-5902A42B78E9}"
	ProjectSection(ProjectDependencies) = postProject
		{C3A2FE3D-0864-37EB-8C0E-0760570EF6DE} = {C3A2FE3D-0864-37EB-8C0E-0760570EF6DE}
		{2D3F825B-C5B8-358D-AC6A-A4C1CFB65AFD} = {2D3F825B-C5B8-358D-AC6A-A4C1CFB65AFD}
		{04456429-F170-37E7-A7CD-E89EDD9B1236} = {04456429-F170-37E7-A7CD-E89EDD9B1236}
	EndProjectSection
EndProject
Project("{8BC9CEB8-8B4A-11D0-8D11-00A0C91BC942}") = "INSTALL", "INSTALL.vcxproj", "{DCC88606-12E2-3C26-9813-6C63743D03A2}"
	ProjectSection(ProjectDependencies) = postProject
		{BE3F180C-AC8C-35A4-9CA4-5902A42B78E9} = {BE3F180C-AC8C-35A4-9CA4-5902A42B78E9}
		{C3A2FE3D-0864-37EB-8C0E-0760570EF6DE} = {C3A2FE3D-0864-37EB-8C0E-0760570EF6DE}
	EndProjectSection
EndProject
Project("{8BC9CEB8-8B4A-11D0-8D11-00A0C91BC942}") = "PACKAGE", "PACKAGE.vcxproj", "{6B900B09-E9BE-39AF-B042-C5349F929023}"
	ProjectSection(ProjectDependencies) = postProject
		{BE3F180C-AC8C-35A4-9CA4-5902A42B78E9} = {BE3F180C-AC8C-35A4-9CA4-5902A42B78E9}
		{C3A2FE3D-0864-37EB-8C0E-0760570EF6DE} = {C3A2FE3D-0864-37EB-8C0E-0760570EF6DE}
	EndProjectSection
EndProject
Project("{8BC9CEB8-8B4A-11D0-8D11-00A0C91BC942}") = "ZERO_CHECK", "ZERO_CHECK.vcxproj", "{C3A2FE3D-0864-37EB-8C0E-0760570EF6DE}"
	ProjectSection(ProjectDependencies) = postProject
	EndProjectSection
EndProject
Project("{8BC9CEB8-8B4A-11D0-8D11-00A0C91BC942}") = "eftx_core", "eftx_core.vcxproj", "{2D3F825B-C5B8-358D-AC6A-A4C1CFB65AFD}"
	ProjectSection(ProjectDependencies) = postProject
		{C3A2FE3D-0864-37EB-8C0E-0760570EF6DE} = {C3A2FE3D-0864-37EB-8C0E-0760570EF6DE}
	EndProjectSection
EndProject
Project("{8BC9CEB8-8B4A-11D0-8D11-00A0C91BC942}") = "eftx_pattern_tool_cpp", "eftx_pattern_tool_cpp.vcxproj", "{04456429-F170-37E7-A7CD-E89EDD9B1236}"
	ProjectSection(ProjectDependencies) = postProject
		{C3A2FE3D-0864-37EB-8C0E-0760570EF6DE} = {C3A2FE3D-0864-37EB-8C0E-0760570EF6DE}
		{2D3F825B-C5B8-358D-AC6A-A4C1CFB65AFD} = {2D3F825B-C5B8-358D-AC6A-A4C1CFB65AFD}
	EndProjectSection
EndProject
Global
	GlobalSection(SolutionConfigurationPlatforms) = preSolution
		Debug|x64 = Debug|x64
		Release|x64 = Release|x64
		MinSizeRel|x64 = MinSizeRel|x64
		RelWithDebInfo|x64 = RelWithDebInfo|x64
	EndGlobalSection
	GlobalSection(ProjectConfigurationPlatforms) = postSolution
		{BE3F180C-AC8C-35A4-9CA4-5902A42B78E9}.Debug|x64.ActiveCfg = Debug|x64
		{BE3F180C-AC8C-35A4-9CA4-5902A42B78E9}.Debug|x64.Build.0 = Debug|x64
		{BE3F180C-AC8C-35A4-9CA4-5902A42B78E9}.Release|x64.ActiveCfg = Release|x64
		{BE3F180C-AC8C-35A4-9CA4-5902A42B78E9}.Release|x64.Build.0 = Release|x64
		{BE3F180C-AC8C-35A4-9CA4-5902A42B78E9}.MinSizeRel|x64.ActiveCfg = MinSizeRel|x64
		{BE3F180C-AC8C-35A4-9CA4-5902A42B78E9}.MinSizeRel|x64.Build.0 = MinSizeRel|x64
		{BE3F180C-AC8C-35A4-9CA4-5902A42B78E9}.RelWithDebInfo|x64.ActiveCfg = RelWithDebInfo|x64
		{BE3F180C-AC8C-35A4-9CA4-5902A42B78E9}.RelWithDebInfo|x64.Build.0 = RelWithDebInfo|x64
		{DCC88606-12E2-3C26-9813-6C63743D03A2}.Debug|x64.ActiveCfg = Debug|x64
		{DCC88606-12E2-3C26-9813-6C63743D03A2}.Release|x64.ActiveCfg = Release|x64
		{DCC88606-12E2-3C26-9813-6C63743D03A2}.MinSizeRel|x64.ActiveCfg = MinSizeRel|x64
		{DCC88606-12E2-3C26-9813-6C63743D03A2}.RelWithDebInfo|x64.ActiveCfg = RelWithDebInfo|x64
		{6B900B09-E9BE-39AF-B042-C5349F929023}.Debug|x64.ActiveCfg = Debug|x64
		{6B900B09-E9BE-39AF-B042-C5349F929023}.Release|x64.ActiveCfg = Release|x64
		{6B900B09-E9BE-39AF-B042-C5349F929023}.MinSizeRel|x64.ActiveCfg = MinSizeRel|x64
		{6B900B09-E9BE-39AF-B042-C5349F929023}.RelWithDebInfo|x64.ActiveCfg = RelWithDebInfo|x64
		{C3A2FE3D-0864-37EB-8C0E-0760570EF6DE}.Debug|x64.ActiveCfg = Debug|x64
		{C3A2FE3D-0864-37EB-8C0E-0760570EF6DE}.Debug|x64.Build.0 = Debug|x64
		{C3A2FE3D-0864-37EB-8C0E-0760570EF6DE}.Release|x64.ActiveCfg = Release|x64
		{C3A2FE3D-0864-37EB-8C0E-0760570EF6DE}.Release|x64.Build.0 = Release|x64
		{C3A2FE3D-0864-37EB-8C0E-0760570EF6DE}.MinSizeRel|x64.ActiveCfg = MinSizeRel|x64
		{C3A2FE3D-0864-37EB-8C0E-0760570EF6DE}.MinSizeRel|x64.Build.0 = MinSizeRel|x64
		{C3A2FE3D-0864-37EB-8C0E-0760570EF6DE}.RelWithDebInfo|x64.ActiveCfg = RelWithDebInfo|x64
		{C3A2FE3D-0864-37EB-8C0E-0760570EF6DE}.RelWithDebInfo|x64.Build.0 = RelWithDebInfo|x64
		{2D3F825B-C5B8-358D-AC6A-A4C1CFB65AFD}.Debug|x64.ActiveCfg = Debug|x64
		{2D3F825B-C5B8-358D-AC6A-A4C1CFB65AFD}.Debug|x64.Build.0 = Debug|x64
		{2D3F825B-C5B8-358D-AC6A-A4C1CFB65AFD}.Release|x64.ActiveCfg = Release|x64
		{2D3F825B-C5B8-358D-AC6A-A4C1CFB65AFD}.Release|x64.Build.0 = Release|x64
		{2D3F825B-C5B8-358D-AC6A-A4C1CFB65AFD}.MinSizeRel|x64.ActiveCfg = MinSizeRel|x64
		{2D3F825B-C5B8-358D-AC6A-A4C1CFB65AFD}.MinSizeRel|x64.Build.0 = MinSizeRel|x64
		{2D3F825B-C5B8-358D-AC6A-A4C1CFB65AFD}.RelWithDebInfo|x64.ActiveCfg = RelWithDebInfo|x64
		{2D3F825B-C5B8-358D-AC6A-A4C1CFB65AFD}.RelWithDebInfo|x64.Build.0 = RelWithDebInfo|x64
		{04456429-F170-37E7-A7CD-E89EDD9B1236}.Debug|x64.ActiveCfg = Debug|x64
		{04456429-F170-37E7-A7CD-E89EDD9B1236}.Debug|x64.Build.0 = Debug|x64
		{04456429-F170-37E7-A7CD-E89EDD9B1236}.Release|x64.ActiveCfg = Release|x64
		{04456429-F170-37E7-A7CD-E89EDD9B1236}.Release|x64.Build.0 = Release|x64
		{04456429-F170-37E7-A7CD-E89EDD9B1236}.MinSizeRel|x64.ActiveCfg = MinSizeRel|x64
		{04456429-F170-37E7-A7CD-E89EDD9B1236}.MinSizeRel|x64.Build.0 = MinSizeRel|x64
		{04456429-F170-37E7-A7CD-E89EDD9B1236}.RelWithDebInfo|x64.ActiveCfg = RelWithDebInfo|x64
		{04456429-F170-37E7-A7CD-E89EDD9B1236}.RelWithDebInfo|x64.Build.0 = RelWithDebInfo|x64
	EndGlobalSection
	GlobalSection(ExtensibilityGlobals) = postSolution
		SolutionGuid = {9594C4D5-AF9B-3AFE-9217-689B29ABC472}
	EndGlobalSection
	GlobalSection(ExtensibilityAddIns) = postSolution
	EndGlobalSection
EndGlobal
